
Microsoft Visual Studio Solution File, Format Version 12.00
# Visual Studio Version 17
VisualStudioVersion = 17.0.31912.275
MinimumVisualStudioVersion = 10.0.40219.1
Project("{FAE04EC0-301F-11D3-BF4B-00C04F79EFBC}") = "ADO_Dapper", "ADO_Dapper\ADO_Dapper.csproj", "{7008D093-5A99-4E4E-BE84-8712DA6FBBC7}"
EndProject
Project("{2150E333-8FDC-42A3-9474-1A3956D46DE8}") = "EF", "EF", "{DEF47DEA-7048-446C-9929-D28FB3C9C597}"
EndProject
Project("{FAE04EC0-301F-11D3-BF4B-00C04F79EFBC}") = "WebAPI", "WebAPI\WebAPI.csproj", "{F11CF52E-1EDD-45C3-BD34-5F122775BBC2}"
EndProject
Project("{FAE04EC0-301F-11D3-BF4B-00C04F79EFBC}") = "DAL", "DAL\DAL.csproj", "{A72A92A2-CE58-490C-9543-367736B4B4B3}"
EndProject
Global
	GlobalSection(SolutionConfigurationPlatforms) = preSolution
		Debug|Any CPU = Debug|Any CPU
		Release|Any CPU = Release|Any CPU
	EndGlobalSection
	GlobalSection(ProjectConfigurationPlatforms) = postSolution
		{7008D093-5A99-4E4E-BE84-8712DA6FBBC7}.Debug|Any CPU.ActiveCfg = Debug|Any CPU
		{7008D093-5A99-4E4E-BE84-8712DA6FBBC7}.Debug|Any CPU.Build.0 = Debug|Any CPU
		{7008D093-5A99-4E4E-BE84-8712DA6FBBC7}.Release|Any CPU.ActiveCfg = Release|Any CPU
		{7008D093-5A99-4E4E-BE84-8712DA6FBBC7}.Release|Any CPU.Build.0 = Release|Any CPU
		{F11CF52E-1EDD-45C3-BD34-5F122775BBC2}.Debug|Any CPU.ActiveCfg = Debug|Any CPU
		{F11CF52E-1EDD-45C3-BD34-5F122775BBC2}.Debug|Any CPU.Build.0 = Debug|Any CPU
		{F11CF52E-1EDD-45C3-BD34-5F122775BBC2}.Release|Any CPU.ActiveCfg = Release|Any CPU
		{F11CF52E-1EDD-45C3-BD34-5F122775BBC2}.Release|Any CPU.Build.0 = Release|Any CPU
		{A72A92A2-CE58-490C-9543-367736B4B4B3}.Debug|Any CPU.ActiveCfg = Debug|Any CPU
		{A72A92A2-CE58-490C-9543-367736B4B4B3}.Debug|Any CPU.Build.0 = Debug|Any CPU
		{A72A92A2-CE58-490C-9543-367736B4B4B3}.Release|Any CPU.ActiveCfg = Release|Any CPU
		{A72A92A2-CE58-490C-9543-367736B4B4B3}.Release|Any CPU.Build.0 = Release|Any CPU
	EndGlobalSection
	GlobalSection(SolutionProperties) = preSolution
		HideSolutionNode = FALSE
	EndGlobalSection
	GlobalSection(NestedProjects) = preSolution
		{A72A92A2-CE58-490C-9543-367736B4B4B3} = {DEF47DEA-7048-446C-9929-D28FB3C9C597}
	EndGlobalSection
	GlobalSection(ExtensibilityGlobals) = postSolution
		SolutionGuid = {2DEDD859-9D4D-452C-B8D5-9347C0C003BA}
	EndGlobalSection
EndGlobal
